
Microsoft Visual Studio Solution File, Format Version 12.00
Project("{2150E333-8FDC-42A3-9474-1A3956D46DE8}") = "Solution Items", "Solution Items", "{B2EC92A4-D59A-4C80-AE04-36901D33D253}"
	ProjectSection(SolutionItems) = preProject
		docker-compose.yml = docker-compose.yml
	EndProjectSection
EndProject
Project("{FAE04EC0-301F-11D3-BF4B-00C04F79EFBC}") = "DatabaseConnector.Models", "DatabaseConnector.Models\DatabaseConnector.Models.csproj", "{0B71591A-8BEF-4317-8E7C-DBB96C67723D}"
EndProject
Project("{FAE04EC0-301F-11D3-BF4B-00C04F79EFBC}") = "AopsUtilities", "AopsUtilities\AopsUtilities.csproj", "{733AD326-24D6-4721-BAB8-B1533FF40E4F}"
EndProject
Project("{FAE04EC0-301F-11D3-BF4B-00C04F79EFBC}") = "DatabaseConnector", "DatabaseConnector\DatabaseConnector.csproj", "{2CB89441-2103-4B35-B9FB-97D45B021E88}"
EndProject
Project("{FAE04EC0-301F-11D3-BF4B-00C04F79EFBC}") = "AopWebAdmin", "AopWebAdmin\AopWebAdmin.csproj", "{58AF8123-B561-4C51-818E-E423160F3420}"
EndProject
Project("{FAE04EC0-301F-11D3-BF4B-00C04F79EFBC}") = "RaoufConsole", "RaoufConsole\RaoufConsole.csproj", "{F623076D-C122-435A-87A4-4AAF22E4FB2D}"
EndProject
Project("{FAE04EC0-301F-11D3-BF4B-00C04F79EFBC}") = "AopWebsite", "AopWebsite\AopWebsite.csproj", "{C5D8682F-1EFE-49D3-BDF3-9C35E2828108}"
EndProject
Global
	GlobalSection(SolutionConfigurationPlatforms) = preSolution
		Debug|Any CPU = Debug|Any CPU
		Release|Any CPU = Release|Any CPU
	EndGlobalSection
	GlobalSection(ProjectConfigurationPlatforms) = postSolution
		{0B71591A-8BEF-4317-8E7C-DBB96C67723D}.Debug|Any CPU.ActiveCfg = Debug|Any CPU
		{0B71591A-8BEF-4317-8E7C-DBB96C67723D}.Debug|Any CPU.Build.0 = Debug|Any CPU
		{0B71591A-8BEF-4317-8E7C-DBB96C67723D}.Release|Any CPU.ActiveCfg = Release|Any CPU
		{0B71591A-8BEF-4317-8E7C-DBB96C67723D}.Release|Any CPU.Build.0 = Release|Any CPU
		{733AD326-24D6-4721-BAB8-B1533FF40E4F}.Debug|Any CPU.ActiveCfg = Debug|Any CPU
		{733AD326-24D6-4721-BAB8-B1533FF40E4F}.Debug|Any CPU.Build.0 = Debug|Any CPU
		{733AD326-24D6-4721-BAB8-B1533FF40E4F}.Release|Any CPU.ActiveCfg = Release|Any CPU
		{733AD326-24D6-4721-BAB8-B1533FF40E4F}.Release|Any CPU.Build.0 = Release|Any CPU
		{2CB89441-2103-4B35-B9FB-97D45B021E88}.Debug|Any CPU.ActiveCfg = Debug|Any CPU
		{2CB89441-2103-4B35-B9FB-97D45B021E88}.Debug|Any CPU.Build.0 = Debug|Any CPU
		{2CB89441-2103-4B35-B9FB-97D45B021E88}.Release|Any CPU.ActiveCfg = Release|Any CPU
		{2CB89441-2103-4B35-B9FB-97D45B021E88}.Release|Any CPU.Build.0 = Release|Any CPU
		{58AF8123-B561-4C51-818E-E423160F3420}.Debug|Any CPU.ActiveCfg = Debug|Any CPU
		{58AF8123-B561-4C51-818E-E423160F3420}.Debug|Any CPU.Build.0 = Debug|Any CPU
		{58AF8123-B561-4C51-818E-E423160F3420}.Release|Any CPU.ActiveCfg = Release|Any CPU
		{58AF8123-B561-4C51-818E-E423160F3420}.Release|Any CPU.Build.0 = Release|Any CPU
		{F623076D-C122-435A-87A4-4AAF22E4FB2D}.Debug|Any CPU.ActiveCfg = Debug|Any CPU
		{F623076D-C122-435A-87A4-4AAF22E4FB2D}.Debug|Any CPU.Build.0 = Debug|Any CPU
		{F623076D-C122-435A-87A4-4AAF22E4FB2D}.Release|Any CPU.ActiveCfg = Release|Any CPU
		{F623076D-C122-435A-87A4-4AAF22E4FB2D}.Release|Any CPU.Build.0 = Release|Any CPU
		{C5D8682F-1EFE-49D3-BDF3-9C35E2828108}.Debug|Any CPU.ActiveCfg = Debug|Any CPU
		{C5D8682F-1EFE-49D3-BDF3-9C35E2828108}.Debug|Any CPU.Build.0 = Debug|Any CPU
		{C5D8682F-1EFE-49D3-BDF3-9C35E2828108}.Release|Any CPU.ActiveCfg = Release|Any CPU
		{C5D8682F-1EFE-49D3-BDF3-9C35E2828108}.Release|Any CPU.Build.0 = Release|Any CPU
	EndGlobalSection
	GlobalSection(NestedProjects) = preSolution
		{0B71591A-8BEF-4317-8E7C-DBB96C67723D} = {B2EC92A4-D59A-4C80-AE04-36901D33D253}
		{733AD326-24D6-4721-BAB8-B1533FF40E4F} = {B2EC92A4-D59A-4C80-AE04-36901D33D253}
		{2CB89441-2103-4B35-B9FB-97D45B021E88} = {B2EC92A4-D59A-4C80-AE04-36901D33D253}
		{58AF8123-B561-4C51-818E-E423160F3420} = {B2EC92A4-D59A-4C80-AE04-36901D33D253}
		{F623076D-C122-435A-87A4-4AAF22E4FB2D} = {B2EC92A4-D59A-4C80-AE04-36901D33D253}
		{C5D8682F-1EFE-49D3-BDF3-9C35E2828108} = {B2EC92A4-D59A-4C80-AE04-36901D33D253}
	EndGlobalSection
EndGlobal
