
Microsoft Visual Studio Solution File, Format Version 12.00
Project("{FAE04EC0-301F-11D3-BF4B-00C04F79EFBC}") = "AlgerianOlympiadPlatform", "AlgerianOlympiadPlatform\AlgerianOlympiadPlatform.csproj", "{D0F0E645-8725-476E-BD8E-29125F870AC5}"
EndProject
Project("{2150E333-8FDC-42A3-9474-1A3956D46DE8}") = "Solution Items", "Solution Items", "{B2EC92A4-D59A-4C80-AE04-36901D33D253}"
	ProjectSection(SolutionItems) = preProject
		docker-compose.yml = docker-compose.yml
	EndProjectSection
EndProject
Project("{FAE04EC0-301F-11D3-BF4B-00C04F79EFBC}") = "OlympTrain", "OlympTrain\OlympTrain.csproj", "{0B71591A-8BEF-4317-8E7C-DBB96C67723D}"
EndProject
Project("{FAE04EC0-301F-11D3-BF4B-00C04F79EFBC}") = "RaoufsConsole", "RaoufsConsole\RaoufsConsole.csproj", "{0E8D3EA2-39C3-483A-B9C6-489474FBC0F8}"
EndProject
Project("{FAE04EC0-301F-11D3-BF4B-00C04F79EFBC}") = "AopsUtilities", "AopsUtilities\AopsUtilities.csproj", "{733AD326-24D6-4721-BAB8-B1533FF40E4F}"
EndProject
Global
	GlobalSection(SolutionConfigurationPlatforms) = preSolution
		Debug|Any CPU = Debug|Any CPU
		Release|Any CPU = Release|Any CPU
	EndGlobalSection
	GlobalSection(ProjectConfigurationPlatforms) = postSolution
		{D0F0E645-8725-476E-BD8E-29125F870AC5}.Debug|Any CPU.ActiveCfg = Debug|Any CPU
		{D0F0E645-8725-476E-BD8E-29125F870AC5}.Debug|Any CPU.Build.0 = Debug|Any CPU
		{D0F0E645-8725-476E-BD8E-29125F870AC5}.Release|Any CPU.ActiveCfg = Release|Any CPU
		{D0F0E645-8725-476E-BD8E-29125F870AC5}.Release|Any CPU.Build.0 = Release|Any CPU
		{0B71591A-8BEF-4317-8E7C-DBB96C67723D}.Debug|Any CPU.ActiveCfg = Debug|Any CPU
		{0B71591A-8BEF-4317-8E7C-DBB96C67723D}.Debug|Any CPU.Build.0 = Debug|Any CPU
		{0B71591A-8BEF-4317-8E7C-DBB96C67723D}.Release|Any CPU.ActiveCfg = Release|Any CPU
		{0B71591A-8BEF-4317-8E7C-DBB96C67723D}.Release|Any CPU.Build.0 = Release|Any CPU
		{0E8D3EA2-39C3-483A-B9C6-489474FBC0F8}.Debug|Any CPU.ActiveCfg = Debug|Any CPU
		{0E8D3EA2-39C3-483A-B9C6-489474FBC0F8}.Debug|Any CPU.Build.0 = Debug|Any CPU
		{0E8D3EA2-39C3-483A-B9C6-489474FBC0F8}.Release|Any CPU.ActiveCfg = Release|Any CPU
		{0E8D3EA2-39C3-483A-B9C6-489474FBC0F8}.Release|Any CPU.Build.0 = Release|Any CPU
		{733AD326-24D6-4721-BAB8-B1533FF40E4F}.Debug|Any CPU.ActiveCfg = Debug|Any CPU
		{733AD326-24D6-4721-BAB8-B1533FF40E4F}.Debug|Any CPU.Build.0 = Debug|Any CPU
		{733AD326-24D6-4721-BAB8-B1533FF40E4F}.Release|Any CPU.ActiveCfg = Release|Any CPU
		{733AD326-24D6-4721-BAB8-B1533FF40E4F}.Release|Any CPU.Build.0 = Release|Any CPU
	EndGlobalSection
	GlobalSection(NestedProjects) = preSolution
		{0E8D3EA2-39C3-483A-B9C6-489474FBC0F8} = {B2EC92A4-D59A-4C80-AE04-36901D33D253}
		{D0F0E645-8725-476E-BD8E-29125F870AC5} = {B2EC92A4-D59A-4C80-AE04-36901D33D253}
		{0B71591A-8BEF-4317-8E7C-DBB96C67723D} = {B2EC92A4-D59A-4C80-AE04-36901D33D253}
		{733AD326-24D6-4721-BAB8-B1533FF40E4F} = {B2EC92A4-D59A-4C80-AE04-36901D33D253}
	EndGlobalSection
EndGlobal
